
Microsoft Visual Studio Solution File, Format Version 12.00
# Visual Studio Version 17
VisualStudioVersion = 17.6.33723.286
MinimumVisualStudioVersion = 10.0.40219.1
Project("{2150E333-8FDC-42A3-9474-1A3956D46DE8}") = "Libraries", "Libraries", "{83586223-E760-46DA-8488-5C0F0A7E5208}"
	ProjectSection(SolutionItems) = preProject
		Libraries\avcodec-59.dll = Libraries\avcodec-59.dll
		Libraries\avdevice-59.dll = Libraries\avdevice-59.dll
		Libraries\avfilter-8.dll = Libraries\avfilter-8.dll
		Libraries\avformat-59.dll = Libraries\avformat-59.dll
		Libraries\avutil-57.dll = Libraries\avutil-57.dll
		Libraries\postproc-56.dll = Libraries\postproc-56.dll
		Libraries\swresample-4.dll = Libraries\swresample-4.dll
		Libraries\swscale-6.dll = Libraries\swscale-6.dll
	EndProjectSection
EndProject
Project("{9A19103F-16F7-4668-BE54-9A1E7A4F7556}") = "FFmpeg.Helper", "FFmpeg.Helper\FFmpeg.Helper.csproj", "{2D784232-DD9F-46D8-AB43-7A9B18777C94}"
EndProject
Project("{9A19103F-16F7-4668-BE54-9A1E7A4F7556}") = "FFmpeg.Audio", "FFmpeg.Audio\FFmpeg.Audio.csproj", "{3C0CDC2E-B687-4087-8CD8-31950C3E0C28}"
EndProject
Project("{FAE04EC0-301F-11D3-BF4B-00C04F79EFBC}") = "FFmpeg.Video", "FFmpeg.Video\FFmpeg.Video.csproj", "{55F4EB9C-E215-4066-8973-9EE2D4896D58}"
EndProject
Global
	GlobalSection(SolutionConfigurationPlatforms) = preSolution
		Debug|Any CPU = Debug|Any CPU
		Release|Any CPU = Release|Any CPU
	EndGlobalSection
	GlobalSection(ProjectConfigurationPlatforms) = postSolution
		{2D784232-DD9F-46D8-AB43-7A9B18777C94}.Debug|Any CPU.ActiveCfg = Debug|Any CPU
		{2D784232-DD9F-46D8-AB43-7A9B18777C94}.Debug|Any CPU.Build.0 = Debug|Any CPU
		{2D784232-DD9F-46D8-AB43-7A9B18777C94}.Release|Any CPU.ActiveCfg = Release|Any CPU
		{2D784232-DD9F-46D8-AB43-7A9B18777C94}.Release|Any CPU.Build.0 = Release|Any CPU
		{3C0CDC2E-B687-4087-8CD8-31950C3E0C28}.Debug|Any CPU.ActiveCfg = Debug|Any CPU
		{3C0CDC2E-B687-4087-8CD8-31950C3E0C28}.Debug|Any CPU.Build.0 = Debug|Any CPU
		{3C0CDC2E-B687-4087-8CD8-31950C3E0C28}.Release|Any CPU.ActiveCfg = Release|Any CPU
		{3C0CDC2E-B687-4087-8CD8-31950C3E0C28}.Release|Any CPU.Build.0 = Release|Any CPU
		{55F4EB9C-E215-4066-8973-9EE2D4896D58}.Debug|Any CPU.ActiveCfg = Debug|Any CPU
		{55F4EB9C-E215-4066-8973-9EE2D4896D58}.Debug|Any CPU.Build.0 = Debug|Any CPU
		{55F4EB9C-E215-4066-8973-9EE2D4896D58}.Release|Any CPU.ActiveCfg = Release|Any CPU
		{55F4EB9C-E215-4066-8973-9EE2D4896D58}.Release|Any CPU.Build.0 = Release|Any CPU
	EndGlobalSection
	GlobalSection(SolutionProperties) = preSolution
		HideSolutionNode = FALSE
	EndGlobalSection
	GlobalSection(ExtensibilityGlobals) = postSolution
		SolutionGuid = {91DD6341-01AD-459D-86AF-9B382E0B4588}
	EndGlobalSection
EndGlobal
